
Microsoft Visual Studio Solution File, Format Version 12.00
# Visual Studio 14
VisualStudioVersion = 14.0.25123.0
MinimumVisualStudioVersion = 10.0.40219.1
Project("{FAE04EC0-301F-11D3-BF4B-00C04F79EFBC}") = "UnknownProject", "UnknownProject\UnknownProject.csproj", "{F949F405-7139-4FD9-963C-22EAECCE7877}"
EndProject
Project("{FAE04EC0-301F-11D3-BF4B-00C04F79EFBC}") = "UnknownProject.Tests", "UnknownProject.Tests\UnknownProject.Tests.csproj", "{EC8D7BF4-E75B-4528-B219-F02AB7B25D93}"
EndProject
Project("{FAE04EC0-301F-11D3-BF4B-00C04F79EFBC}") = "UnknownProject.Content.Pipeline", "UnknownProject.Content.Pipeline\UnknownProject.Content.Pipeline.csproj", "{35B4BB85-454E-4DE4-9F41-5F081B438FC0}"
EndProject
Global
	GlobalSection(SolutionConfigurationPlatforms) = preSolution
		Debug|Any CPU = Debug|Any CPU
		Debug|x86 = Debug|x86
		Release|Any CPU = Release|Any CPU
		Release|x86 = Release|x86
	EndGlobalSection
	GlobalSection(ProjectConfigurationPlatforms) = postSolution
		{F949F405-7139-4FD9-963C-22EAECCE7877}.Debug|Any CPU.ActiveCfg = Debug|Any CPU
		{F949F405-7139-4FD9-963C-22EAECCE7877}.Debug|Any CPU.Build.0 = Debug|Any CPU
		{F949F405-7139-4FD9-963C-22EAECCE7877}.Debug|x86.ActiveCfg = Debug|x86
		{F949F405-7139-4FD9-963C-22EAECCE7877}.Debug|x86.Build.0 = Debug|x86
		{F949F405-7139-4FD9-963C-22EAECCE7877}.Release|Any CPU.ActiveCfg = Release|Any CPU
		{F949F405-7139-4FD9-963C-22EAECCE7877}.Release|Any CPU.Build.0 = Release|Any CPU
		{F949F405-7139-4FD9-963C-22EAECCE7877}.Release|x86.ActiveCfg = Release|x86
		{F949F405-7139-4FD9-963C-22EAECCE7877}.Release|x86.Build.0 = Release|x86
		{EC8D7BF4-E75B-4528-B219-F02AB7B25D93}.Debug|Any CPU.ActiveCfg = Debug|Any CPU
		{EC8D7BF4-E75B-4528-B219-F02AB7B25D93}.Debug|Any CPU.Build.0 = Debug|Any CPU
		{EC8D7BF4-E75B-4528-B219-F02AB7B25D93}.Debug|x86.ActiveCfg = Debug|Any CPU
		{EC8D7BF4-E75B-4528-B219-F02AB7B25D93}.Debug|x86.Build.0 = Debug|Any CPU
		{EC8D7BF4-E75B-4528-B219-F02AB7B25D93}.Release|Any CPU.ActiveCfg = Release|Any CPU
		{EC8D7BF4-E75B-4528-B219-F02AB7B25D93}.Release|Any CPU.Build.0 = Release|Any CPU
		{EC8D7BF4-E75B-4528-B219-F02AB7B25D93}.Release|x86.ActiveCfg = Release|Any CPU
		{EC8D7BF4-E75B-4528-B219-F02AB7B25D93}.Release|x86.Build.0 = Release|Any CPU
		{35B4BB85-454E-4DE4-9F41-5F081B438FC0}.Debug|Any CPU.ActiveCfg = Debug|Any CPU
		{35B4BB85-454E-4DE4-9F41-5F081B438FC0}.Debug|Any CPU.Build.0 = Debug|Any CPU
		{35B4BB85-454E-4DE4-9F41-5F081B438FC0}.Debug|x86.ActiveCfg = Debug|Any CPU
		{35B4BB85-454E-4DE4-9F41-5F081B438FC0}.Debug|x86.Build.0 = Debug|Any CPU
		{35B4BB85-454E-4DE4-9F41-5F081B438FC0}.Release|Any CPU.ActiveCfg = Release|Any CPU
		{35B4BB85-454E-4DE4-9F41-5F081B438FC0}.Release|Any CPU.Build.0 = Release|Any CPU
		{35B4BB85-454E-4DE4-9F41-5F081B438FC0}.Release|x86.ActiveCfg = Release|Any CPU
		{35B4BB85-454E-4DE4-9F41-5F081B438FC0}.Release|x86.Build.0 = Release|Any CPU
	EndGlobalSection
	GlobalSection(SolutionProperties) = preSolution
		HideSolutionNode = FALSE
	EndGlobalSection
EndGlobal
